
Microsoft Visual Studio Solution File, Format Version 12.00
# Visual Studio 2013
Project("{FAE04EC0-301F-11D3-BF4B-00C04F79EFBC}") = "UnityVS.black_friday.CSharp", "UnityVS.black_friday.CSharp.csproj", "{650F8189-AE49-102D-8C91-876668DF2789}"
EndProject
Project("{FAE04EC0-301F-11D3-BF4B-00C04F79EFBC}") = "UnityVS.black_friday.CSharp.Plugins", "UnityVS.black_friday.CSharp.Plugins.csproj", "{A01E6F25-E93B-E9D4-8A15-9575DEEC3E7C}"
EndProject
Global
	GlobalSection(SolutionConfigurationPlatforms) = preSolution
		Debug|Any CPU = Debug|Any CPU
		Release|Any CPU = Release|Any CPU
	EndGlobalSection
	GlobalSection(ProjectConfigurationPlatforms) = postSolution
		{650F8189-AE49-102D-8C91-876668DF2789}.Debug|Any CPU.ActiveCfg = Debug|Any CPU
		{650F8189-AE49-102D-8C91-876668DF2789}.Debug|Any CPU.Build.0 = Debug|Any CPU
		{650F8189-AE49-102D-8C91-876668DF2789}.Release|Any CPU.ActiveCfg = Release|Any CPU
		{650F8189-AE49-102D-8C91-876668DF2789}.Release|Any CPU.Build.0 = Release|Any CPU
		{A01E6F25-E93B-E9D4-8A15-9575DEEC3E7C}.Debug|Any CPU.ActiveCfg = Debug|Any CPU
		{A01E6F25-E93B-E9D4-8A15-9575DEEC3E7C}.Debug|Any CPU.Build.0 = Debug|Any CPU
		{A01E6F25-E93B-E9D4-8A15-9575DEEC3E7C}.Release|Any CPU.ActiveCfg = Release|Any CPU
		{A01E6F25-E93B-E9D4-8A15-9575DEEC3E7C}.Release|Any CPU.Build.0 = Release|Any CPU
	EndGlobalSection
	GlobalSection(SolutionProperties) = preSolution
		HideSolutionNode = FALSE
	EndGlobalSection
EndGlobal
